
Microsoft Visual Studio Solution File, Format Version 12.00
# Visual Studio Version 16
VisualStudioVersion = 16.0.30621.155
MinimumVisualStudioVersion = 10.0.40219.1
Project("{FAE04EC0-301F-11D3-BF4B-00C04F79EFBC}") = "Morse Code Translator", "Morse Code Translator\Morse Code Translator.csproj", "{5CFB56DC-5A1D-4D36-A0E7-A352F65C0EA8}"
EndProject
Global
	GlobalSection(SolutionConfigurationPlatforms) = preSolution
		Debug|Any CPU = Debug|Any CPU
		Release|Any CPU = Release|Any CPU
	EndGlobalSection
	GlobalSection(ProjectConfigurationPlatforms) = postSolution
		{5CFB56DC-5A1D-4D36-A0E7-A352F65C0EA8}.Debug|Any CPU.ActiveCfg = Debug|Any CPU
		{5CFB56DC-5A1D-4D36-A0E7-A352F65C0EA8}.Debug|Any CPU.Build.0 = Debug|Any CPU
		{5CFB56DC-5A1D-4D36-A0E7-A352F65C0EA8}.Release|Any CPU.ActiveCfg = Release|Any CPU
		{5CFB56DC-5A1D-4D36-A0E7-A352F65C0EA8}.Release|Any CPU.Build.0 = Release|Any CPU
	EndGlobalSection
	GlobalSection(SolutionProperties) = preSolution
		HideSolutionNode = FALSE
	EndGlobalSection
	GlobalSection(ExtensibilityGlobals) = postSolution
		SolutionGuid = {68A7EE96-B998-4A6B-9031-F79AAFA071CF}
	EndGlobalSection
EndGlobal
